
Microsoft Visual Studio Solution File, Format Version 12.00
# Visual Studio 15
VisualStudioVersion = 15.0.28307.779
MinimumVisualStudioVersion = 10.0.40219.1
Project("{FAE04EC0-301F-11D3-BF4B-00C04F79EFBC}") = "Shred", "Shred\Shred.csproj", "{E6441E1C-B1E7-4A37-A9C1-65FF0010D76A}"
EndProject
Project("{2150E333-8FDC-42A3-9474-1A3956D46DE8}") = "Solution Items", "Solution Items", "{0C3B595E-05DF-4B6E-90AF-E3942CE32648}"
	ProjectSection(SolutionItems) = preProject
		.gitignore = .gitignore
		config.json = config.json
		launch_game.ps1 = launch_game.ps1
		post_build.ps1 = post_build.ps1
		pre_build.ps1 = pre_build.ps1
		repository.json = repository.json
	EndProjectSection
EndProject
Global
	GlobalSection(SolutionConfigurationPlatforms) = preSolution
		Debug|Any CPU = Debug|Any CPU
		Release|Any CPU = Release|Any CPU
	EndGlobalSection
	GlobalSection(ProjectConfigurationPlatforms) = postSolution
		{E6441E1C-B1E7-4A37-A9C1-65FF0010D76A}.Debug|Any CPU.ActiveCfg = Debug|Any CPU
		{E6441E1C-B1E7-4A37-A9C1-65FF0010D76A}.Debug|Any CPU.Build.0 = Debug|Any CPU
		{E6441E1C-B1E7-4A37-A9C1-65FF0010D76A}.Release|Any CPU.ActiveCfg = Release|Any CPU
		{E6441E1C-B1E7-4A37-A9C1-65FF0010D76A}.Release|Any CPU.Build.0 = Release|Any CPU
	EndGlobalSection
	GlobalSection(SolutionProperties) = preSolution
		HideSolutionNode = FALSE
	EndGlobalSection
	GlobalSection(ExtensibilityGlobals) = postSolution
		SolutionGuid = {9B21C044-29EF-4AE3-BBE3-69BDD8D93C54}
	EndGlobalSection
EndGlobal
